
Microsoft Visual Studio Solution File, Format Version 12.00
# Visual Studio Version 17
VisualStudioVersion = 17.6.33723.286
MinimumVisualStudioVersion = 10.0.40219.1
Project("{FAE04EC0-301F-11D3-BF4B-00C04F79EFBC}") = "ShipDangerManagementSystem", "ShipDangerManagementSystem\ShipDangerManagementSystem.csproj", "{2B0FBC72-36E9-4B4F-972D-B65B94EEE039}"
EndProject
Global
	GlobalSection(SolutionConfigurationPlatforms) = preSolution
		Debug|Any CPU = Debug|Any CPU
		Release|Any CPU = Release|Any CPU
	EndGlobalSection
	GlobalSection(ProjectConfigurationPlatforms) = postSolution
		{2B0FBC72-36E9-4B4F-972D-B65B94EEE039}.Debug|Any CPU.ActiveCfg = Debug|Any CPU
		{2B0FBC72-36E9-4B4F-972D-B65B94EEE039}.Debug|Any CPU.Build.0 = Debug|Any CPU
		{2B0FBC72-36E9-4B4F-972D-B65B94EEE039}.Release|Any CPU.ActiveCfg = Release|Any CPU
		{2B0FBC72-36E9-4B4F-972D-B65B94EEE039}.Release|Any CPU.Build.0 = Release|Any CPU
	EndGlobalSection
	GlobalSection(SolutionProperties) = preSolution
		HideSolutionNode = FALSE
	EndGlobalSection
	GlobalSection(ExtensibilityGlobals) = postSolution
		SolutionGuid = {84B7C884-876E-44EC-8895-3192C0A1BB96}
	EndGlobalSection
EndGlobal
